Microsoft Visual Studio Solution File, Format Version 12.00
# Visual Studio 15
VisualStudioVersion = 15.0.27428.2043
MinimumVisualStudioVersion = 10.0.40219.1
Project("{9A19103F-16F7-4668-BE54-9A1E7A4F7556}") = "Dropoff", "Dropoff\Dropoff.csproj", "{789B1C1B-3882-4581-BEB8-D42414174E4D}"
EndProject
Project("{9A19103F-16F7-4668-BE54-9A1E7A4F7556}") = "Dropoff.Test", "Dropoff.Test\Dropoff.Test.csproj", "{A3907F27-2C3D-477C-90FF-2A9153B2BEAA}"
EndProject
Project("{9A19103F-16F7-4668-BE54-9A1E7A4F7556}") = "Dropoff.Server", "Dropoff.Server\Dropoff.Server.csproj", "{611BAF5C-A531-497B-BC67-60E033883146}"
EndProject
Global
	GlobalSection(SolutionConfigurationPlatforms) = preSolution
		Debug|Any CPU = Debug|Any CPU
		Release|Any CPU = Release|Any CPU
	EndGlobalSection
	GlobalSection(ProjectConfigurationPlatforms) = postSolution
		{789B1C1B-3882-4581-BEB8-D42414174E4D}.Debug|Any CPU.ActiveCfg = Debug|Any CPU
		{789B1C1B-3882-4581-BEB8-D42414174E4D}.Debug|Any CPU.Build.0 = Debug|Any CPU
		{789B1C1B-3882-4581-BEB8-D42414174E4D}.Release|Any CPU.ActiveCfg = Release|Any CPU
		{789B1C1B-3882-4581-BEB8-D42414174E4D}.Release|Any CPU.Build.0 = Release|Any CPU
		{A3907F27-2C3D-477C-90FF-2A9153B2BEAA}.Debug|Any CPU.ActiveCfg = Debug|Any CPU
		{A3907F27-2C3D-477C-90FF-2A9153B2BEAA}.Debug|Any CPU.Build.0 = Debug|Any CPU
		{A3907F27-2C3D-477C-90FF-2A9153B2BEAA}.Release|Any CPU.ActiveCfg = Release|Any CPU
		{A3907F27-2C3D-477C-90FF-2A9153B2BEAA}.Release|Any CPU.Build.0 = Release|Any CPU
		{611BAF5C-A531-497B-BC67-60E033883146}.Debug|Any CPU.ActiveCfg = Debug|Any CPU
		{611BAF5C-A531-497B-BC67-60E033883146}.Debug|Any CPU.Build.0 = Debug|Any CPU
		{611BAF5C-A531-497B-BC67-60E033883146}.Release|Any CPU.ActiveCfg = Release|Any CPU
		{611BAF5C-A531-497B-BC67-60E033883146}.Release|Any CPU.Build.0 = Release|Any CPU
	EndGlobalSection
	GlobalSection(SolutionProperties) = preSolution
		HideSolutionNode = FALSE
	EndGlobalSection
	GlobalSection(ExtensibilityGlobals) = postSolution
		SolutionGuid = {50369A87-9027-4BA1-BCD7-7EB13B83AF95}
	EndGlobalSection
	GlobalSection(MonoDevelopProperties) = preSolution
		Policies = $0
		$0.DotNetNamingPolicy = $1
		$1.DirectoryNamespaceAssociation = PrefixedHierarchical
		$0.StandardHeader = $2
		$0.VersionControlPolicy = $3
	EndGlobalSection
EndGlobal
